# This file is automatically @generated by Cargo.
# It is not intended for manual editing.
version = 3

[[package]]
name = "adler"
version = "1.0.2"
source = "registry+https://github.com/rust-lang/crates.io-index"
checksum = "f26201604c87b1e01bd3d98f8d5d9a8fcbb815e8cedb41ffccbeb4bf593a35fe"

[[package]]
name = "adler32"
version = "1.2.0"
source = "registry+https://github.com/rust-lang/crates.io-index"
checksum = "aae1277d39aeec15cb388266ecc24b11c80469deae6067e17a1a7aa9e5c1f234"

[[package]]
name = "arrayvec"
version = "0.4.10"
source = "registry+https://github.com/rust-lang/crates.io-index"
checksum = "92c7fb76bc8826a8b33b4ee5bb07a247a81e76764ab4d55e8f73e3a4d8808c71"
dependencies = [
 "nodrop",
]

[[package]]
name = "autocfg"
version = "0.1.4"
source = "registry+https://github.com/rust-lang/crates.io-index"
checksum = "0e49efa51329a5fd37e7c79db4621af617cd4e3e5bc224939808d076077077bf"

[[package]]
name = "autocfg"
version = "1.1.0"
source = "registry+https://github.com/rust-lang/crates.io-index"
checksum = "d468802bab17cbc0cc575e9b053f41e72aa36bfa6b7f55e3529ffa43161b97fa"

[[package]]
name = "backtrace"
version = "0.3.26"
source = "registry+https://github.com/rust-lang/crates.io-index"
checksum = "1a13fc43f04daf08ab4f71e3d27e1fc27fc437d3e95ac0063a796d92fb40f39b"
dependencies = [
 "autocfg 0.1.4",
 "backtrace-sys",
 "cfg-if 0.1.9",
 "libc",
 "rustc-demangle",
]

[[package]]
name = "backtrace-sys"
version = "0.1.28"
source = "registry+https://github.com/rust-lang/crates.io-index"
checksum = "797c830ac25ccc92a7f8a7b9862bde440715531514594a6154e3d4a54dd769b6"
dependencies = [
 "cc",
 "libc",
]

[[package]]
name = "bitflags"
version = "1.0.4"
source = "registry+https://github.com/rust-lang/crates.io-index"
checksum = "228047a76f468627ca71776ecdebd732a3423081fcf5125585bcd7c49886ce12"

[[package]]
name = "bytemuck"
version = "1.12.2"
source = "registry+https://github.com/rust-lang/crates.io-index"
checksum = "5aec14f5d4e6e3f927cd0c81f72e5710d95ee9019fbeb4b3021193867491bfd8"

[[package]]
name = "byteorder"
version = "1.4.3"
source = "registry+https://github.com/rust-lang/crates.io-index"
checksum = "14c189c53d098945499cdfa7ecc63567cf3886b3332b312a5b4585d8d3a6a610"

[[package]]
name = "cc"
version = "1.0.37"
source = "registry+https://github.com/rust-lang/crates.io-index"
checksum = "39f75544d7bbaf57560d2168f28fd649ff9c76153874db88bdbdfd839b1a7e7d"

[[package]]
name = "cfg-if"
version = "0.1.9"
source = "registry+https://github.com/rust-lang/crates.io-index"
checksum = "b486ce3ccf7ffd79fdeb678eac06a9e6c09fc88d33836340becb8fffe87c5e33"

[[package]]
name = "cfg-if"
version = "1.0.0"
source = "registry+https://github.com/rust-lang/crates.io-index"
checksum = "baf1de4339761588bc0619e3cbc0120ee582ebb74b53b4efbf79117bd2da40fd"

[[package]]
name = "color_quant"
version = "1.1.0"
source = "registry+https://github.com/rust-lang/crates.io-index"
checksum = "3d7b894f5411737b7867f4827955924d7c254fc9f4d91a6aad6b097804b1018b"

[[package]]
name = "crc32fast"
version = "1.3.2"
source = "registry+https://github.com/rust-lang/crates.io-index"
checksum = "b540bd8bc810d3885c6ea91e2018302f68baba2129ab3e88f32389ee9370880d"
dependencies = [
 "cfg-if 1.0.0",
]

[[package]]
name = "crossbeam-deque"
version = "0.2.0"
source = "registry+https://github.com/rust-lang/crates.io-index"
checksum = "f739f8c5363aca78cfb059edf753d8f0d36908c348f3d8d1503f03d8b75d9cf3"
dependencies = [
 "crossbeam-epoch",
 "crossbeam-utils",
]

[[package]]
name = "crossbeam-epoch"
version = "0.3.1"
source = "registry+https://github.com/rust-lang/crates.io-index"
checksum = "927121f5407de9956180ff5e936fe3cf4324279280001cd56b669d28ee7e9150"
dependencies = [
 "arrayvec",
 "cfg-if 0.1.9",
 "crossbeam-utils",
 "lazy_static",
 "memoffset",
 "nodrop",
 "scopeguard",
]

[[package]]
name = "crossbeam-utils"
version = "0.2.2"
source = "registry+https://github.com/rust-lang/crates.io-index"
checksum = "2760899e32a1d58d5abb31129f8fae5de75220bc2176e77ff7c627ae45c918d9"
dependencies = [
 "cfg-if 0.1.9",
]

[[package]]
name = "deflate"
version = "0.8.6"
source = "registry+https://github.com/rust-lang/crates.io-index"
checksum = "73770f8e1fe7d64df17ca66ad28994a0a623ea497fa69486e14984e715c5d174"
dependencies = [
 "adler32",
 "byteorder",
]

[[package]]
name = "either"
version = "1.5.2"
source = "registry+https://github.com/rust-lang/crates.io-index"
checksum = "5527cfe0d098f36e3f8839852688e63c8fff1c90b2b405aef730615f9a7bcf7b"

[[package]]
name = "erlang_nif-sys"
version = "0.6.4"
source = "registry+https://github.com/rust-lang/crates.io-index"
checksum = "9bc72dbc2c220693a2a009ec97705c144ea5cc5db703df43feb903663c999536"
dependencies = [
 "unreachable",
]

[[package]]
name = "failure"
version = "0.1.5"
source = "registry+https://github.com/rust-lang/crates.io-index"
checksum = "795bd83d3abeb9220f257e597aa0080a508b27533824adf336529648f6abf7e2"
dependencies = [
 "backtrace",
]

[[package]]
name = "gif"
version = "0.11.4"
source = "registry+https://github.com/rust-lang/crates.io-index"
checksum = "3edd93c6756b4dfaf2709eafcc345ba2636565295c198a9cfbf75fa5e3e00b06"
dependencies = [
 "color_quant",
 "weezl",
]

[[package]]
name = "heck"
version = "0.3.1"
source = "registry+https://github.com/rust-lang/crates.io-index"
checksum = "20564e78d53d2bb135c343b3f47714a56af2061f1c928fdb541dc7b9fdd94205"
dependencies = [
 "unicode-segmentation",
]

[[package]]
name = "image"
version = "0.23.12"
source = "registry+https://github.com/rust-lang/crates.io-index"
checksum = "7ce04077ead78e39ae8610ad26216aed811996b043d47beed5090db674f9e9b5"
dependencies = [
 "bytemuck",
 "byteorder",
 "color_quant",
 "gif",
 "jpeg-decoder",
 "num-iter",
 "num-rational",
 "num-traits",
 "png",
 "scoped_threadpool",
 "tiff",
]

[[package]]
name = "imago"
version = "0.1.0"
dependencies = [
 "image",
 "lazy_static",
 "rustler",
 "rustler_codegen",
]

[[package]]
name = "jpeg-decoder"
version = "0.1.22"
source = "registry+https://github.com/rust-lang/crates.io-index"
checksum = "229d53d58899083193af11e15917b5640cd40b29ff475a1fe4ef725deb02d0f2"
dependencies = [
 "rayon",
]

[[package]]
name = "lazy_static"
version = "1.3.0"
source = "registry+https://github.com/rust-lang/crates.io-index"
checksum = "bc5729f27f159ddd61f4df6228e827e86643d4d3e7c32183cb30a1c08f604a14"

[[package]]
name = "libc"
version = "0.2.55"
source = "registry+https://github.com/rust-lang/crates.io-index"
checksum = "42914d39aad277d9e176efbdad68acb1d5443ab65afe0e0e4f0d49352a950880"

[[package]]
name = "memoffset"
version = "0.2.1"
source = "registry+https://github.com/rust-lang/crates.io-index"
checksum = "0f9dc261e2b62d7a622bf416ea3c5245cdd5d9a7fcc428c0d06804dfce1775b3"

[[package]]
name = "miniz_oxide"
version = "0.3.7"
source = "registry+https://github.com/rust-lang/crates.io-index"
checksum = "791daaae1ed6889560f8c4359194f56648355540573244a5448a83ba1ecc7435"
dependencies = [
 "adler32",
]

[[package]]
name = "miniz_oxide"
version = "0.4.4"
source = "registry+https://github.com/rust-lang/crates.io-index"
checksum = "a92518e98c078586bc6c934028adcca4c92a53d6a958196de835170a01d84e4b"
dependencies = [
 "adler",
 "autocfg 1.1.0",
]

[[package]]
name = "nodrop"
version = "0.1.13"
source = "registry+https://github.com/rust-lang/crates.io-index"
checksum = "2f9667ddcc6cc8a43afc9b7917599d7216aa09c463919ea32c59ed6cac8bc945"

[[package]]
name = "num-integer"
version = "0.1.45"
source = "registry+https://github.com/rust-lang/crates.io-index"
checksum = "225d3389fb3509a24c93f5c29eb6bde2586b98d9f016636dff58d7c6f7569cd9"
dependencies = [
 "autocfg 1.1.0",
 "num-traits",
]

[[package]]
name = "num-iter"
version = "0.1.39"
source = "registry+https://github.com/rust-lang/crates.io-index"
checksum = "76bd5272412d173d6bf9afdf98db8612bbabc9a7a830b7bfc9c188911716132e"
dependencies = [
 "autocfg 0.1.4",
 "num-integer",
 "num-traits",
]

[[package]]
name = "num-rational"
version = "0.3.2"
source = "registry+https://github.com/rust-lang/crates.io-index"
checksum = "12ac428b1cb17fce6f731001d307d351ec70a6d202fc2e60f7d4c5e42d8f4f07"
dependencies = [
 "autocfg 1.1.0",
 "num-integer",
 "num-traits",
]

[[package]]
name = "num-traits"
version = "0.2.15"
source = "registry+https://github.com/rust-lang/crates.io-index"
checksum = "578ede34cf02f8924ab9447f50c28075b4d3e5b269972345e7e0372b38c6cdcd"
dependencies = [
 "autocfg 1.1.0",
]

[[package]]
name = "num_cpus"
version = "1.10.0"
source = "registry+https://github.com/rust-lang/crates.io-index"
checksum = "1a23f0ed30a54abaa0c7e83b1d2d87ada7c3c23078d1d87815af3e3b6385fbba"
dependencies = [
 "libc",
]

[[package]]
name = "png"
version = "0.16.8"
source = "registry+https://github.com/rust-lang/crates.io-index"
checksum = "3c3287920cb847dee3de33d301c463fba14dda99db24214ddf93f83d3021f4c6"
dependencies = [
 "bitflags",
 "crc32fast",
 "deflate",
 "miniz_oxide 0.3.7",
]

[[package]]
name = "proc-macro2"
version = "0.4.30"
source = "registry+https://github.com/rust-lang/crates.io-index"
checksum = "cf3d2011ab5c909338f7887f4fc896d35932e29146c12c8d01da6b22a80ba759"
dependencies = [
 "unicode-xid",
]

[[package]]
name = "quote"
version = "0.6.12"
source = "registry+https://github.com/rust-lang/crates.io-index"
checksum = "faf4799c5d274f3868a4aae320a0a182cbd2baee377b378f080e16a23e9d80db"
dependencies = [
 "proc-macro2",
]

[[package]]
name = "rayon"
version = "1.0.3"
source = "registry+https://github.com/rust-lang/crates.io-index"
checksum = "373814f27745b2686b350dd261bfd24576a6fb0e2c5919b3a2b6005f820b0473"
dependencies = [
 "crossbeam-deque",
 "either",
 "rayon-core",
]

[[package]]
name = "rayon-core"
version = "1.4.1"
source = "registry+https://github.com/rust-lang/crates.io-index"
checksum = "b055d1e92aba6877574d8fe604a63c8b5df60f60e5982bf7ccbb1338ea527356"
dependencies = [
 "crossbeam-deque",
 "lazy_static",
 "libc",
 "num_cpus",
]

[[package]]
name = "rustc-demangle"
version = "0.1.14"
source = "registry+https://github.com/rust-lang/crates.io-index"
checksum = "ccc78bfd5acd7bf3e89cffcf899e5cb1a52d6fafa8dec2739ad70c9577a57288"

[[package]]
name = "rustler"
version = "0.20.0"
source = "registry+https://github.com/rust-lang/crates.io-index"
checksum = "67d6caf400fc45b5f6cb5140e7c2337d2007303662c4ad7f2bf20e3090743c83"
dependencies = [
 "erlang_nif-sys",
 "lazy_static",
 "which",
]

[[package]]
name = "rustler_codegen"
version = "0.20.0"
source = "registry+https://github.com/rust-lang/crates.io-index"
checksum = "eac735bb3e3c9524c1573531ecf56e95cfd1d70fd63291dbb731df66356b0aa3"
dependencies = [
 "heck",
 "proc-macro2",
 "quote",
 "syn",
]

[[package]]
name = "scoped_threadpool"
version = "0.1.9"
source = "registry+https://github.com/rust-lang/crates.io-index"
checksum = "1d51f5df5af43ab3f1360b429fa5e0152ac5ce8c0bd6485cae490332e96846a8"

[[package]]
name = "scopeguard"
version = "0.3.3"
source = "registry+https://github.com/rust-lang/crates.io-index"
checksum = "94258f53601af11e6a49f722422f6e3425c52b06245a5cf9bc09908b174f5e27"

[[package]]
name = "syn"
version = "0.15.34"
source = "registry+https://github.com/rust-lang/crates.io-index"
checksum = "a1393e4a97a19c01e900df2aec855a29f71cf02c402e2f443b8d2747c25c5dbe"
dependencies = [
 "proc-macro2",
 "quote",
 "unicode-xid",
]

[[package]]
name = "tiff"
version = "0.6.1"
source = "registry+https://github.com/rust-lang/crates.io-index"
checksum = "9a53f4706d65497df0c4349241deddf35f84cee19c87ed86ea8ca590f4464437"
dependencies = [
 "jpeg-decoder",
 "miniz_oxide 0.4.4",
 "weezl",
]

[[package]]
name = "unicode-segmentation"
version = "1.3.0"
source = "registry+https://github.com/rust-lang/crates.io-index"
checksum = "1967f4cdfc355b37fd76d2a954fb2ed3871034eb4f26d60537d88795cfc332a9"

[[package]]
name = "unicode-xid"
version = "0.1.0"
source = "registry+https://github.com/rust-lang/crates.io-index"
checksum = "fc72304796d0818e357ead4e000d19c9c174ab23dc11093ac919054d20a6a7fc"

[[package]]
name = "unreachable"
version = "0.1.1"
source = "registry+https://github.com/rust-lang/crates.io-index"
checksum = "1f2ae5ddb18e1c92664717616dd9549dde73f539f01bd7b77c2edb2446bdff91"
dependencies = [
 "void",
]

[[package]]
name = "void"
version = "1.0.2"
source = "registry+https://github.com/rust-lang/crates.io-index"
checksum = "6a02e4885ed3bc0f2de90ea6dd45ebcbb66dacffe03547fadbb0eeae2770887d"

[[package]]
name = "weezl"
version = "0.1.7"
source = "registry+https://github.com/rust-lang/crates.io-index"
checksum = "9193164d4de03a926d909d3bc7c30543cecb35400c02114792c2cae20d5e2dbb"

[[package]]
name = "which"
version = "2.0.1"
source = "registry+https://github.com/rust-lang/crates.io-index"
checksum = "b57acb10231b9493c8472b20cb57317d0679a49e0bdbee44b3b803a6473af164"
dependencies = [
 "failure",
 "libc",
]
